
Microsoft Visual Studio Solution File, Format Version 12.00
# Visual Studio 2013
VisualStudioVersion = 12.0.30723.0
MinimumVisualStudioVersion = 10.0.40219.1
Project("{FAE04EC0-301F-11D3-BF4B-00C04F79EFBC}") = "IjepaiRemote", "IjepaiRemote\IjepaiRemote.csproj", "{8C03D3D8-3B10-46CE-8A63-A1E065EAC144}"
EndProject
Project("{FAE04EC0-301F-11D3-BF4B-00C04F79EFBC}") = "FormsControlLibrary", "FormsControlLibrary\FormsControlLibrary.csproj", "{D894F84A-5BAC-40B3-A420-A7BEE4D29826}"
EndProject
Project("{6141683F-8A12-4E36-9623-2EB02B2C2303}") = "Ijepai Viewer", "Ijepai Viewer\Ijepai Viewer.isproj", "{A48081E4-E02F-44C6-A745-AFBFF93B7297}"
EndProject
Global
	GlobalSection(SolutionConfigurationPlatforms) = preSolution
		CD_ROM|Any CPU = CD_ROM|Any CPU
		Debug|Any CPU = Debug|Any CPU
		DVD-5|Any CPU = DVD-5|Any CPU
		Release|Any CPU = Release|Any CPU
		SingleImage|Any CPU = SingleImage|Any CPU
	EndGlobalSection
	GlobalSection(ProjectConfigurationPlatforms) = postSolution
		{8C03D3D8-3B10-46CE-8A63-A1E065EAC144}.CD_ROM|Any CPU.ActiveCfg = Release|Any CPU
		{8C03D3D8-3B10-46CE-8A63-A1E065EAC144}.CD_ROM|Any CPU.Build.0 = Release|Any CPU
		{8C03D3D8-3B10-46CE-8A63-A1E065EAC144}.Debug|Any CPU.ActiveCfg = Debug|Any CPU
		{8C03D3D8-3B10-46CE-8A63-A1E065EAC144}.Debug|Any CPU.Build.0 = Debug|Any CPU
		{8C03D3D8-3B10-46CE-8A63-A1E065EAC144}.DVD-5|Any CPU.ActiveCfg = Debug|Any CPU
		{8C03D3D8-3B10-46CE-8A63-A1E065EAC144}.DVD-5|Any CPU.Build.0 = Debug|Any CPU
		{8C03D3D8-3B10-46CE-8A63-A1E065EAC144}.Release|Any CPU.ActiveCfg = Release|Any CPU
		{8C03D3D8-3B10-46CE-8A63-A1E065EAC144}.Release|Any CPU.Build.0 = Release|Any CPU
		{8C03D3D8-3B10-46CE-8A63-A1E065EAC144}.SingleImage|Any CPU.ActiveCfg = Release|Any CPU
		{8C03D3D8-3B10-46CE-8A63-A1E065EAC144}.SingleImage|Any CPU.Build.0 = Release|Any CPU
		{D894F84A-5BAC-40B3-A420-A7BEE4D29826}.CD_ROM|Any CPU.ActiveCfg = Release|Any CPU
		{D894F84A-5BAC-40B3-A420-A7BEE4D29826}.CD_ROM|Any CPU.Build.0 = Release|Any CPU
		{D894F84A-5BAC-40B3-A420-A7BEE4D29826}.Debug|Any CPU.ActiveCfg = Debug|Any CPU
		{D894F84A-5BAC-40B3-A420-A7BEE4D29826}.Debug|Any CPU.Build.0 = Debug|Any CPU
		{D894F84A-5BAC-40B3-A420-A7BEE4D29826}.DVD-5|Any CPU.ActiveCfg = Debug|Any CPU
		{D894F84A-5BAC-40B3-A420-A7BEE4D29826}.DVD-5|Any CPU.Build.0 = Debug|Any CPU
		{D894F84A-5BAC-40B3-A420-A7BEE4D29826}.Release|Any CPU.ActiveCfg = Release|Any CPU
		{D894F84A-5BAC-40B3-A420-A7BEE4D29826}.Release|Any CPU.Build.0 = Release|Any CPU
		{D894F84A-5BAC-40B3-A420-A7BEE4D29826}.SingleImage|Any CPU.ActiveCfg = Release|Any CPU
		{D894F84A-5BAC-40B3-A420-A7BEE4D29826}.SingleImage|Any CPU.Build.0 = Release|Any CPU
		{A48081E4-E02F-44C6-A745-AFBFF93B7297}.CD_ROM|Any CPU.ActiveCfg = CD_ROM
		{A48081E4-E02F-44C6-A745-AFBFF93B7297}.CD_ROM|Any CPU.Build.0 = CD_ROM
		{A48081E4-E02F-44C6-A745-AFBFF93B7297}.Debug|Any CPU.ActiveCfg = DVD-5
		{A48081E4-E02F-44C6-A745-AFBFF93B7297}.Debug|Any CPU.Build.0 = DVD-5
		{A48081E4-E02F-44C6-A745-AFBFF93B7297}.DVD-5|Any CPU.ActiveCfg = DVD-5
		{A48081E4-E02F-44C6-A745-AFBFF93B7297}.DVD-5|Any CPU.Build.0 = DVD-5
		{A48081E4-E02F-44C6-A745-AFBFF93B7297}.Release|Any CPU.ActiveCfg = SingleImage
		{A48081E4-E02F-44C6-A745-AFBFF93B7297}.Release|Any CPU.Build.0 = SingleImage
		{A48081E4-E02F-44C6-A745-AFBFF93B7297}.SingleImage|Any CPU.ActiveCfg = SingleImage
		{A48081E4-E02F-44C6-A745-AFBFF93B7297}.SingleImage|Any CPU.Build.0 = SingleImage
	EndGlobalSection
	GlobalSection(SolutionProperties) = preSolution
		HideSolutionNode = FALSE
	EndGlobalSection
EndGlobal
